
Microsoft Visual Studio Solution File, Format Version 12.00
# Visual Studio 2017
Project("{FAE04EC0-301F-11D3-BF4B-00C04F79EFBC}") = "PlanetFighter.Plugins", "PlanetFighter.Plugins.csproj", "{84FF987D-4446-6DE4-AE78-28BA5D2F0D22}"
EndProject
Project("{FAE04EC0-301F-11D3-BF4B-00C04F79EFBC}") = "PlanetFighter", "PlanetFighter.csproj", "{37A81C3F-AF53-39F3-21BB-878B490154CD}"
EndProject
Project("{FAE04EC0-301F-11D3-BF4B-00C04F79EFBC}") = "PlanetFighter.Editor.Plugins", "PlanetFighter.Editor.Plugins.csproj", "{314690EC-A380-060D-A099-59006EC9C6E3}"
EndProject
Global
	GlobalSection(SolutionConfigurationPlatforms) = preSolution
		Debug|Any CPU = Debug|Any CPU
		Release|Any CPU = Release|Any CPU
	EndGlobalSection
	GlobalSection(ProjectConfigurationPlatforms) = postSolution
		{84FF987D-4446-6DE4-AE78-28BA5D2F0D22}.Debug|Any CPU.ActiveCfg = Debug|Any CPU
		{84FF987D-4446-6DE4-AE78-28BA5D2F0D22}.Debug|Any CPU.Build.0 = Debug|Any CPU
		{84FF987D-4446-6DE4-AE78-28BA5D2F0D22}.Release|Any CPU.ActiveCfg = Release|Any CPU
		{84FF987D-4446-6DE4-AE78-28BA5D2F0D22}.Release|Any CPU.Build.0 = Release|Any CPU
		{37A81C3F-AF53-39F3-21BB-878B490154CD}.Debug|Any CPU.ActiveCfg = Debug|Any CPU
		{37A81C3F-AF53-39F3-21BB-878B490154CD}.Debug|Any CPU.Build.0 = Debug|Any CPU
		{37A81C3F-AF53-39F3-21BB-878B490154CD}.Release|Any CPU.ActiveCfg = Release|Any CPU
		{37A81C3F-AF53-39F3-21BB-878B490154CD}.Release|Any CPU.Build.0 = Release|Any CPU
		{314690EC-A380-060D-A099-59006EC9C6E3}.Debug|Any CPU.ActiveCfg = Debug|Any CPU
		{314690EC-A380-060D-A099-59006EC9C6E3}.Debug|Any CPU.Build.0 = Debug|Any CPU
		{314690EC-A380-060D-A099-59006EC9C6E3}.Release|Any CPU.ActiveCfg = Release|Any CPU
		{314690EC-A380-060D-A099-59006EC9C6E3}.Release|Any CPU.Build.0 = Release|Any CPU
	EndGlobalSection
	GlobalSection(SolutionProperties) = preSolution
		HideSolutionNode = FALSE
	EndGlobalSection
EndGlobal
